// !$*UTF8*$!
{
	archiveVersion = 1;
	classes = {
	};
	objectVersion = 56;
	objects = {

/* Begin PBXBuildFile section */
		0BC85B042A6515050055C795 /* AsyncAwaitIOSApp.swift in Sources */ = {isa = PBXBuildFile; fileRef = 0BC85B032A6515050055C795 /* AsyncAwaitIOSApp.swift */; };
		0BC85B062A6515050055C795 /* ContentView.swift in Sources */ = {isa = PBXBuildFile; fileRef = 0BC85B052A6515050055C795 /* ContentView.swift */; };
		0BC85B082A6515060055C795 /* Assets.xcassets in Resources */ = {isa = PBXBuildFile; fileRef = 0BC85B072A6515060055C795 /* Assets.xcassets */; };
		0BC85B0B2A6515060055C795 /* Preview Assets.xcassets in Resources */ = {isa = PBXBuildFile; fileRef = 0BC85B0A2A6515060055C795 /* Preview Assets.xcassets */; };
		0BC85B132A6515360055C795 /* ApiService.swift in Sources */ = {isa = PBXBuildFile; fileRef = 0BC85B122A6515360055C795 /* ApiService.swift */; };
		0BC85B172A6518E80055C795 /* ModelCareer.swift in Sources */ = {isa = PBXBuildFile; fileRef = 0BC85B162A6518E80055C795 /* ModelCareer.swift */; };
		0BC85B192A651A980055C795 /* CareerViewModel.swift in Sources */ = {isa = PBXBuildFile; fileRef = 0BC85B182A651A980055C795 /* CareerViewModel.swift */; };
/* End PBXBuildFile section */

/* Begin PBXFileReference section */
		0BC85B002A6515050055C795 /* AsyncAwaitIOS.app */ = {isa = PBXFileReference; explicitFileType = wrapper.application; includeInIndex = 0; path = AsyncAwaitIOS.app; sourceTree = BUILT_PRODUCTS_DIR; };
		0BC85B032A6515050055C795 /* AsyncAwaitIOSApp.swift */ = {isa = PBXFileReference; lastKnownFileType = sourcecode.swift; path = AsyncAwaitIOSApp.swift; sourceTree = "<group>"; };
		0BC85B052A6515050055C795 /* ContentView.swift */ = {isa = PBXFileReference; lastKnownFileType = sourcecode.swift; path = ContentView.swift; sourceTree = "<group>"; };
		0BC85B072A6515060055C795 /* Assets.xcassets */ = {isa = PBXFileReference; lastKnownFileType = folder.assetcatalog; path = Assets.xcassets; sourceTree = "<group>"; };
		0BC85B0A2A6515060055C795 /* Preview Assets.xcassets */ = {isa = PBXFileReference; lastKnownFileType = folder.assetcatalog; path = "Preview Assets.xcassets"; sourceTree = "<group>"; };
		0BC85B122A6515360055C795 /* ApiService.swift */ = {isa = PBXFileReference; lastKnownFileType = sourcecode.swift; path = ApiService.swift; sourceTree = "<group>"; };
		0BC85B162A6518E80055C795 /* ModelCareer.swift */ = {isa = PBXFileReference; lastKnownFileType = sourcecode.swift; path = ModelCareer.swift; sourceTree = "<group>"; };
		0BC85B182A651A980055C795 /* CareerViewModel.swift */ = {isa = PBXFileReference; lastKnownFileType = sourcecode.swift; path = CareerViewModel.swift; sourceTree = "<group>"; };
/* End PBXFileReference section */

/* Begin PBXFrameworksBuildPhase section */
		0BC85AFD2A6515050055C795 /* Frameworks */ = {
			isa = PBXFrameworksBuildPhase;
			buildActionMask = 2147483647;
			files = (
			);
			runOnlyForDeploymentPostprocessing = 0;
		};
/* End PBXFrameworksBuildPhase section */

/* Begin PBXGroup section */
		0BC85AF72A6515050055C795 = {
			isa = PBXGroup;
			children = (
				0BC85B022A6515050055C795 /* AsyncAwaitIOS */,
				0BC85B012A6515050055C795 /* Products */,
			);
			sourceTree = "<group>";
		};
		0BC85B012A6515050055C795 /* Products */ = {
			isa = PBXGroup;
			children = (
				0BC85B002A6515050055C795 /* AsyncAwaitIOS.app */,
			);
			name = Products;
			sourceTree = "<group>";
		};
		0BC85B022A6515050055C795 /* AsyncAwaitIOS */ = {
			isa = PBXGroup;
			children = (
				0BC85B152A65181F0055C795 /* Model */,
				0BC85B142A6515C70055C795 /* ViewModel */,
				0BC85B112A6515140055C795 /* Service */,
				0BC85B032A6515050055C795 /* AsyncAwaitIOSApp.swift */,
				0BC85B052A6515050055C795 /* ContentView.swift */,
				0BC85B072A6515060055C795 /* Assets.xcassets */,
				0BC85B092A6515060055C795 /* Preview Content */,
			);
			path = AsyncAwaitIOS;
			sourceTree = "<group>";
		};
		0BC85B092A6515060055C795 /* Preview Content */ = {
			isa = PBXGroup;
			children = (
				0BC85B0A2A6515060055C795 /* Preview Assets.xcassets */,
			);
			path = "Preview Content";
			sourceTree = "<group>";
		};
		0BC85B112A6515140055C795 /* Service */ = {
			isa = PBXGroup;
			children = (
				0BC85B122A6515360055C795 /* ApiService.swift */,
			);
			path = Service;
			sourceTree = "<group>";
		};
		0BC85B142A6515C70055C795 /* ViewModel */ = {
			isa = PBXGroup;
			children = (
				0BC85B182A651A980055C795 /* CareerViewModel.swift */,
			);
			path = ViewModel;
			sourceTree = "<group>";
		};
		0BC85B152A65181F0055C795 /* Model */ = {
			isa = PBXGroup;
			children = (
				0BC85B162A6518E80055C795 /* ModelCareer.swift */,
			);
			path = Model;
			sourceTree = "<group>";
		};
/* End PBXGroup section */

/* Begin PBXNativeTarget section */
		0BC85AFF2A6515050055C795 /* AsyncAwaitIOS */ = {
			isa = PBXNativeTarget;
			buildConfigurationList = 0BC85B0E2A6515060055C795 /* Build configuration list for PBXNativeTarget "AsyncAwaitIOS" */;
			buildPhases = (
				0BC85AFC2A6515050055C795 /* Sources */,
				0BC85AFD2A6515050055C795 /* Frameworks */,
				0BC85AFE2A6515050055C795 /* Resources */,
			);
			buildRules = (
			);
			dependencies = (
			);
			name = AsyncAwaitIOS;
			productName = AsyncAwaitIOS;
			productReference = 0BC85B002A6515050055C795 /* AsyncAwaitIOS.app */;
			productType = "com.apple.product-type.application";
		};
/* End PBXNativeTarget section */

/* Begin PBXProject section */
		0BC85AF82A6515050055C795 /* Project object */ = {
			isa = PBXProject;
			attributes = {
				BuildIndependentTargetsInParallel = 1;
				LastSwiftUpdateCheck = 1430;
				LastUpgradeCheck = 1430;
				TargetAttributes = {
					0BC85AFF2A6515050055C795 = {
						CreatedOnToolsVersion = 14.3.1;
					};
				};
			};
			buildConfigurationList = 0BC85AFB2A6515050055C795 /* Build configuration list for PBXProject "AsyncAwaitIOS" */;
			compatibilityVersion = "Xcode 14.0";
			developmentRegion = en;
			hasScannedForEncodings = 0;
			knownRegions = (
				en,
				Base,
			);
			mainGroup = 0BC85AF72A6515050055C795;
			productRefGroup = 0BC85B012A6515050055C795 /* Products */;
			projectDirPath = "";
			projectRoot = "";
			targets = (
				0BC85AFF2A6515050055C795 /* AsyncAwaitIOS */,
			);
		};
/* End PBXProject section */

/* Begin PBXResourcesBuildPhase section */
		0BC85AFE2A6515050055C795 /* Resources */ = {
			isa = PBXResourcesBuildPhase;
			buildActionMask = 2147483647;
			files = (
				0BC85B0B2A6515060055C795 /* Preview Assets.xcassets in Resources */,
				0BC85B082A6515060055C795 /* Assets.xcassets in Resources */,
			);
			runOnlyForDeploymentPostprocessing = 0;
		};
/* End PBXResourcesBuildPhase section */

/* Begin PBXSourcesBuildPhase section */
		0BC85AFC2A6515050055C795 /* Sources */ = {
			isa = PBXSourcesBuildPhase;
			buildActionMask = 2147483647;
			files = (
				0BC85B062A6515050055C795 /* ContentView.swift in Sources */,
				0BC85B042A6515050055C795 /* AsyncAwaitIOSApp.swift in Sources */,
				0BC85B192A651A980055C795 /* CareerViewModel.swift in Sources */,
				0BC85B132A6515360055C795 /* ApiService.swift in Sources */,
				0BC85B172A6518E80055C795 /* ModelCareer.swift in Sources */,
			);
			runOnlyForDeploymentPostprocessing = 0;
		};
/* End PBXSourcesBuildPhase section */

/* Begin XCBuildConfiguration section */
		0BC85B0C2A6515060055C795 /* Debug */ = {
			isa = XCBuildConfiguration;
			buildSettings = {
				ALWAYS_SEARCH_USER_PATHS = NO;
				CLANG_ANALYZER_NONNULL = YES;
				CLANG_ANALYZER_NUMBER_OBJECT_CONVERSION = YES_AGGRESSIVE;
				CLANG_CXX_LANGUAGE_STANDARD = "gnu++20";
				CLANG_ENABLE_MODULES = YES;
				CLANG_ENABLE_OBJC_ARC = YES;
				CLANG_ENABLE_OBJC_WEAK = YES;
				CLANG_WARN_BLOCK_CAPTURE_AUTORELEASING = YES;
				CLANG_WARN_BOOL_CONVERSION = YES;
				CLANG_WARN_COMMA = YES;
				CLANG_WARN_CONSTANT_CONVERSION = YES;
				CLANG_WARN_DEPRECATED_OBJC_IMPLEMENTATIONS = YES;
				CLANG_WARN_DIRECT_OBJC_ISA_USAGE = YES_ERROR;
				CLANG_WARN_DOCUMENTATION_COMMENTS = YES;
				CLANG_WARN_EMPTY_BODY = YES;
				CLANG_WARN_ENUM_CONVERSION = YES;
				CLANG_WARN_INFINITE_RECURSION = YES;
				CLANG_WARN_INT_CONVERSION = YES;
				CLANG_WARN_NON_LITERAL_NULL_CONVERSION = YES;
				CLANG_WARN_OBJC_IMPLICIT_RETAIN_SELF = YES;
				CLANG_WARN_OBJC_LITERAL_CONVERSION = YES;
				CLANG_WARN_OBJC_ROOT_CLASS = YES_ERROR;
				CLANG_WARN_QUOTED_INCLUDE_IN_FRAMEWORK_HEADER = YES;
				CLANG_WARN_RANGE_LOOP_ANALYSIS = YES;
				CLANG_WARN_STRICT_PROTOTYPES = YES;
				CLANG_WARN_SUSPICIOUS_MOVE = YES;
				CLANG_WARN_UNGUARDED_AVAILABILITY = YES_AGGRESSIVE;
				CLANG_WARN_UNREACHABLE_CODE = YES;
				CLANG_WARN__DUPLICATE_METHOD_MATCH = YES;
				COPY_PHASE_STRIP = NO;
				DEBUG_INFORMATION_FORMAT = dwarf;
				ENABLE_STRICT_OBJC_MSGSEND = YES;
				ENABLE_TESTABILITY = YES;
				GCC_C_LANGUAGE_STANDARD = gnu11;
				GCC_DYNAMIC_NO_PIC = NO;
				GCC_NO_COMMON_BLOCKS = YES;
				GCC_OPTIMIZATION_LEVEL = 0;
				GCC_PREPROCESSOR_DEFINITIONS = (
					"DEBUG=1",
					"$(inherited)",
				);
				GCC_WARN_64_TO_32_BIT_CONVERSION = YES;
				GCC_WARN_ABOUT_RETURN_TYPE = YES_ERROR;
				GCC_WARN_UNDECLARED_SELECTOR = YES;
				GCC_WARN_UNINITIALIZED_AUTOS = YES_AGGRESSIVE;
				GCC_WARN_UNUSED_FUNCTION = YES;
				GCC_WARN_UNUSED_VARIABLE = YES;
				IPHONEOS_DEPLOYMENT_TARGET = 16.4;
				MTL_ENABLE_DEBUG_INFO = INCLUDE_SOURCE;
				MTL_FAST_MATH = YES;
				ONLY_ACTIVE_ARCH = YES;
				SDKROOT = iphoneos;
				SWIFT_ACTIVE_COMPILATION_CONDITIONS = DEBUG;
				SWIFT_OPTIMIZATION_LEVEL = "-Onone";
			};
			name = Debug;
		};
		0BC85B0D2A6515060055C795 /* Release */ = {
			isa = XCBuildConfiguration;
			buildSettings = {
				ALWAYS_SEARCH_USER_PATHS = NO;
				CLANG_ANALYZER_NONNULL = YES;
				CLANG_ANALYZER_NUMBER_OBJECT_CONVERSION = YES_AGGRESSIVE;
				CLANG_CXX_LANGUAGE_STANDARD = "gnu++20";
				CLANG_ENABLE_MODULES = YES;
				CLANG_ENABLE_OBJC_ARC = YES;
				CLANG_ENABLE_OBJC_WEAK = YES;
				CLANG_WARN_BLOCK_CAPTURE_AUTORELEASING = YES;
				CLANG_WARN_BOOL_CONVERSION = YES;
				CLANG_WARN_COMMA = YES;
				CLANG_WARN_CONSTANT_CONVERSION = YES;
				CLANG_WARN_DEPRECATED_OBJC_IMPLEMENTATIONS = YES;
				CLANG_WARN_DIRECT_OBJC_ISA_USAGE = YES_ERROR;
				CLANG_WARN_DOCUMENTATION_COMMENTS = YES;
				CLANG_WARN_EMPTY_BODY = YES;
				CLANG_WARN_ENUM_CONVERSION = YES;
				CLANG_WARN_INFINITE_RECURSION = YES;
				CLANG_WARN_INT_CONVERSION = YES;
				CLANG_WARN_NON_LITERAL_NULL_CONVERSION = YES;
				CLANG_WARN_OBJC_IMPLICIT_RETAIN_SELF = YES;
				CLANG_WARN_OBJC_LITERAL_CONVERSION = YES;
				CLANG_WARN_OBJC_ROOT_CLASS = YES_ERROR;
				CLANG_WARN_QUOTED_INCLUDE_IN_FRAMEWORK_HEADER = YES;
				CLANG_WARN_RANGE_LOOP_ANALYSIS = YES;
				CLANG_WARN_STRICT_PROTOTYPES = YES;
				CLANG_WARN_SUSPICIOUS_MOVE = YES;
				CLANG_WARN_UNGUARDED_AVAILABILITY = YES_AGGRESSIVE;
				CLANG_WARN_UNREACHABLE_CODE = YES;
				CLANG_WARN__DUPLICATE_METHOD_MATCH = YES;
				COPY_PHASE_STRIP = NO;
				DEBUG_INFORMATION_FORMAT = "dwarf-with-dsym";
				ENABLE_NS_ASSERTIONS = NO;
				ENABLE_STRICT_OBJC_MSGSEND = YES;
				GCC_C_LANGUAGE_STANDARD = gnu11;
				GCC_NO_COMMON_BLOCKS = YES;
				GCC_WARN_64_TO_32_BIT_CONVERSION = YES;
				GCC_WARN_ABOUT_RETURN_TYPE = YES_ERROR;
				GCC_WARN_UNDECLARED_SELECTOR = YES;
				GCC_WARN_UNINITIALIZED_AUTOS = YES_AGGRESSIVE;
				GCC_WARN_UNUSED_FUNCTION = YES;
				GCC_WARN_UNUSED_VARIABLE = YES;
				IPHONEOS_DEPLOYMENT_TARGET = 16.4;
				MTL_ENABLE_DEBUG_INFO = NO;
				MTL_FAST_MATH = YES;
				SDKROOT = iphoneos;
				SWIFT_COMPILATION_MODE = wholemodule;
				SWIFT_OPTIMIZATION_LEVEL = "-O";
				VALIDATE_PRODUCT = YES;
			};
			name = Release;
		};
		0BC85B0F2A6515060055C795 /* Debug */ = {
			isa = XCBuildConfiguration;
			buildSettings = {
				ASSETCATALOG_COMPILER_APPICON_NAME = AppIcon;
				ASSETCATALOG_COMPILER_GLOBAL_ACCENT_COLOR_NAME = AccentColor;
				CODE_SIGN_STYLE = Automatic;
				CURRENT_PROJECT_VERSION = 1;
				DEVELOPMENT_ASSET_PATHS = "\"AsyncAwaitIOS/Preview Content\"";
				DEVELOPMENT_TEAM = 8PCBC9GBAN;
				ENABLE_PREVIEWS = YES;
				GENERATE_INFOPLIST_FILE = YES;
				INFOPLIST_KEY_UIApplicationSceneManifest_Generation = YES;
				INFOPLIST_KEY_UIApplicationSupportsIndirectInputEvents = YES;
				INFOPLIST_KEY_UILaunchScreen_Generation = YES;
				INFOPLIST_KEY_UISupportedInterfaceOrientations_iPad = "UIInterfaceOrientationPortrait UIInterfaceOrientationPortraitUpsideDown UIInterfaceOrientationLandscapeLeft UIInterfaceOrientationLandscapeRight";
				INFOPLIST_KEY_UISupportedInterfaceOrientations_iPhone = "UIInterfaceOrientationPortrait UIInterfaceOrientationLandscapeLeft UIInterfaceOrientationLandscapeRight";
				IPHONEOS_DEPLOYMENT_TARGET = 15.0;
				LD_RUNPATH_SEARCH_PATHS = (
					"$(inherited)",
					"@executable_path/Frameworks",
				);
				MARKETING_VERSION = 1.0;
				PRODUCT_BUNDLE_IDENTIFIER = "com.media365.ratehammer-ksa.AsyncAwaitIOS";
				PRODUCT_NAME = "$(TARGET_NAME)";
				SWIFT_EMIT_LOC_STRINGS = YES;
				SWIFT_VERSION = 5.0;
				TARGETED_DEVICE_FAMILY = "1,2";
			};
			name = Debug;
		};
		0BC85B102A6515060055C795 /* Release */ = {
			isa = XCBuildConfiguration;
			buildSettings = {
				ASSETCATALOG_COMPILER_APPICON_NAME = AppIcon;
				ASSETCATALOG_COMPILER_GLOBAL_ACCENT_COLOR_NAME = AccentColor;
				CODE_SIGN_STYLE = Automatic;
				CURRENT_PROJECT_VERSION = 1;
				DEVELOPMENT_ASSET_PATHS = "\"AsyncAwaitIOS/Preview Content\"";
				DEVELOPMENT_TEAM = 8PCBC9GBAN;
				ENABLE_PREVIEWS = YES;
				GENERATE_INFOPLIST_FILE = YES;
				INFOPLIST_KEY_UIApplicationSceneManifest_Generation = YES;
				INFOPLIST_KEY_UIApplicationSupportsIndirectInputEvents = YES;
				INFOPLIST_KEY_UILaunchScreen_Generation = YES;
				INFOPLIST_KEY_UISupportedInterfaceOrientations_iPad = "UIInterfaceOrientationPortrait UIInterfaceOrientationPortraitUpsideDown UIInterfaceOrientationLandscapeLeft UIInterfaceOrientationLandscapeRight";
				INFOPLIST_KEY_UISupportedInterfaceOrientations_iPhone = "UIInterfaceOrientationPortrait UIInterfaceOrientationLandscapeLeft UIInterfaceOrientationLandscapeRight";
				IPHONEOS_DEPLOYMENT_TARGET = 15.0;
				LD_RUNPATH_SEARCH_PATHS = (
					"$(inherited)",
					"@executable_path/Frameworks",
				);
				MARKETING_VERSION = 1.0;
				PRODUCT_BUNDLE_IDENTIFIER = "com.media365.ratehammer-ksa.AsyncAwaitIOS";
				PRODUCT_NAME = "$(TARGET_NAME)";
				SWIFT_EMIT_LOC_STRINGS = YES;
				SWIFT_VERSION = 5.0;
				TARGETED_DEVICE_FAMILY = "1,2";
			};
			name = Release;
		};
/* End XCBuildConfiguration section */

/* Begin XCConfigurationList section */
		0BC85AFB2A6515050055C795 /* Build configuration list for PBXProject "AsyncAwaitIOS" */ = {
			isa = XCConfigurationList;
			buildConfigurations = (
				0BC85B0C2A6515060055C795 /* Debug */,
				0BC85B0D2A6515060055C795 /* Release */,
			);
			defaultConfigurationIsVisible = 0;
			defaultConfigurationName = Release;
		};
		0BC85B0E2A6515060055C795 /* Build configuration list for PBXNativeTarget "AsyncAwaitIOS" */ = {
			isa = XCConfigurationList;
			buildConfigurations = (
				0BC85B0F2A6515060055C795 /* Debug */,
				0BC85B102A6515060055C795 /* Release */,
			);
			defaultConfigurationIsVisible = 0;
			defaultConfigurationName = Release;
		};
/* End XCConfigurationList section */
	};
	rootObject = 0BC85AF82A6515050055C795 /* Project object */;
}
